// !$*UTF8*$!
{
	archiveVersion = 1;
	classes = {
	};
	objectVersion = 46;
	objects = {

/* Begin PBXBuildFile section */
		F489531C1DEA21F000D494A8 /* AppDelegate.swift in Sources */ = {isa = PBXBuildFile; fileRef = F489531B1DEA21F000D494A8 /* AppDelegate.swift */; };
		F489531E1DEA21F000D494A8 /* ViewController.swift in Sources */ = {isa = PBXBuildFile; fileRef = F489531D1DEA21F000D494A8 /* ViewController.swift */; };
		F48953211DEA21F000D494A8 /* Main.storyboard in Resources */ = {isa = PBXBuildFile; fileRef = F489531F1DEA21F000D494A8 /* Main.storyboard */; };
		F48953241DEA21F000D494A8 /* Tic_Tac_Toe.xcdatamodeld in Sources */ = {isa = PBXBuildFile; fileRef = F48953221DEA21F000D494A8 /* Tic_Tac_Toe.xcdatamodeld */; };
		F48953261DEA21F000D494A8 /* Assets.xcassets in Resources */ = {isa = PBXBuildFile; fileRef = F48953251DEA21F000D494A8 /* Assets.xcassets */; };
		F48953291DEA21F000D494A8 /* LaunchScreen.storyboard in Resources */ = {isa = PBXBuildFile; fileRef = F48953271DEA21F000D494A8 /* LaunchScreen.storyboard */; };
		F48953331DEA225C00D494A8 /* Board.png in Resources */ = {isa = PBXBuildFile; fileRef = F48953301DEA225C00D494A8 /* Board.png */; };
		F48953341DEA225C00D494A8 /* Cross.png in Resources */ = {isa = PBXBuildFile; fileRef = F48953311DEA225C00D494A8 /* Cross.png */; };
		F48953351DEA225C00D494A8 /* Nought.png in Resources */ = {isa = PBXBuildFile; fileRef = F48953321DEA225C00D494A8 /* Nought.png */; };
/* End PBXBuildFile section */

/* Begin PBXFileReference section */
		F48953181DEA21F000D494A8 /* Tic Tac Toe.app */ = {isa = PBXFileReference; explicitFileType = wrapper.application; includeInIndex = 0; path = "Tic Tac Toe.app"; sourceTree = BUILT_PRODUCTS_DIR; };
		F489531B1DEA21F000D494A8 /* AppDelegate.swift */ = {isa = PBXFileReference; lastKnownFileType = sourcecode.swift; path = AppDelegate.swift; sourceTree = "<group>"; };
		F489531D1DEA21F000D494A8 /* ViewController.swift */ = {isa = PBXFileReference; lastKnownFileType = sourcecode.swift; path = ViewController.swift; sourceTree = "<group>"; };
		F48953201DEA21F000D494A8 /* Base */ = {isa = PBXFileReference; lastKnownFileType = file.storyboard; name = Base; path = Base.lproj/Main.storyboard; sourceTree = "<group>"; };
		F48953231DEA21F000D494A8 /* Tic_Tac_Toe.xcdatamodel */ = {isa = PBXFileReference; lastKnownFileType = wrapper.xcdatamodel; path = Tic_Tac_Toe.xcdatamodel; sourceTree = "<group>"; };
		F48953251DEA21F000D494A8 /* Assets.xcassets */ = {isa = PBXFileReference; lastKnownFileType = folder.assetcatalog; path = Assets.xcassets; sourceTree = "<group>"; };
		F48953281DEA21F000D494A8 /* Base */ = {isa = PBXFileReference; lastKnownFileType = file.storyboard; name = Base; path = Base.lproj/LaunchScreen.storyboard; sourceTree = "<group>"; };
		F489532A1DEA21F000D494A8 /* Info.plist */ = {isa = PBXFileReference; lastKnownFileType = text.plist.xml; path = Info.plist; sourceTree = "<group>"; };
		F48953301DEA225C00D494A8 /* Board.png */ = {isa = PBXFileReference; lastKnownFileType = image.png; name = Board.png; path = ../../../Desktop/Board.png; sourceTree = "<group>"; };
		F48953311DEA225C00D494A8 /* Cross.png */ = {isa = PBXFileReference; lastKnownFileType = image.png; name = Cross.png; path = ../../../Desktop/Cross.png; sourceTree = "<group>"; };
		F48953321DEA225C00D494A8 /* Nought.png */ = {isa = PBXFileReference; lastKnownFileType = image.png; name = Nought.png; path = ../../../Desktop/Nought.png; sourceTree = "<group>"; };
/* End PBXFileReference section */

/* Begin PBXFrameworksBuildPhase section */
		F48953151DEA21F000D494A8 /* Frameworks */ = {
			isa = PBXFrameworksBuildPhase;
			buildActionMask = 2147483647;
			files = (
			);
			runOnlyForDeploymentPostprocessing = 0;
		};
/* End PBXFrameworksBuildPhase section */

/* Begin PBXGroup section */
		F489530F1DEA21F000D494A8 = {
			isa = PBXGroup;
			children = (
				F489531A1DEA21F000D494A8 /* Tic Tac Toe */,
				F48953191DEA21F000D494A8 /* Products */,
			);
			sourceTree = "<group>";
		};
		F48953191DEA21F000D494A8 /* Products */ = {
			isa = PBXGroup;
			children = (
				F48953181DEA21F000D494A8 /* Tic Tac Toe.app */,
			);
			name = Products;
			sourceTree = "<group>";
		};
		F489531A1DEA21F000D494A8 /* Tic Tac Toe */ = {
			isa = PBXGroup;
			children = (
				F489531B1DEA21F000D494A8 /* AppDelegate.swift */,
				F489531D1DEA21F000D494A8 /* ViewController.swift */,
				F489531F1DEA21F000D494A8 /* Main.storyboard */,
				F48953301DEA225C00D494A8 /* Board.png */,
				F48953311DEA225C00D494A8 /* Cross.png */,
				F48953321DEA225C00D494A8 /* Nought.png */,
				F48953251DEA21F000D494A8 /* Assets.xcassets */,
				F48953271DEA21F000D494A8 /* LaunchScreen.storyboard */,
				F489532A1DEA21F000D494A8 /* Info.plist */,
				F48953221DEA21F000D494A8 /* Tic_Tac_Toe.xcdatamodeld */,
			);
			path = "Tic Tac Toe";
			sourceTree = "<group>";
		};
/* End PBXGroup section */

/* Begin PBXNativeTarget section */
		F48953171DEA21F000D494A8 /* Tic Tac Toe */ = {
			isa = PBXNativeTarget;
			buildConfigurationList = F489532D1DEA21F000D494A8 /* Build configuration list for PBXNativeTarget "Tic Tac Toe" */;
			buildPhases = (
				F48953141DEA21F000D494A8 /* Sources */,
				F48953151DEA21F000D494A8 /* Frameworks */,
				F48953161DEA21F000D494A8 /* Resources */,
			);
			buildRules = (
			);
			dependencies = (
			);
			name = "Tic Tac Toe";
			productName = "Tic Tac Toe";
			productReference = F48953181DEA21F000D494A8 /* Tic Tac Toe.app */;
			productType = "com.apple.product-type.application";
		};
/* End PBXNativeTarget section */

/* Begin PBXProject section */
		F48953101DEA21F000D494A8 /* Project object */ = {
			isa = PBXProject;
			attributes = {
				LastSwiftUpdateCheck = 0810;
				LastUpgradeCheck = 0810;
				ORGANIZATIONNAME = "Brandon Palomino";
				TargetAttributes = {
					F48953171DEA21F000D494A8 = {
						CreatedOnToolsVersion = 8.1;
						ProvisioningStyle = Automatic;
					};
				};
			};
			buildConfigurationList = F48953131DEA21F000D494A8 /* Build configuration list for PBXProject "Tic Tac Toe" */;
			compatibilityVersion = "Xcode 3.2";
			developmentRegion = English;
			hasScannedForEncodings = 0;
			knownRegions = (
				en,
				Base,
			);
			mainGroup = F489530F1DEA21F000D494A8;
			productRefGroup = F48953191DEA21F000D494A8 /* Products */;
			projectDirPath = "";
			projectRoot = "";
			targets = (
				F48953171DEA21F000D494A8 /* Tic Tac Toe */,
			);
		};
/* End PBXProject section */

/* Begin PBXResourcesBuildPhase section */
		F48953161DEA21F000D494A8 /* Resources */ = {
			isa = PBXResourcesBuildPhase;
			buildActionMask = 2147483647;
			files = (
				F48953351DEA225C00D494A8 /* Nought.png in Resources */,
				F48953331DEA225C00D494A8 /* Board.png in Resources */,
				F48953291DEA21F000D494A8 /* LaunchScreen.storyboard in Resources */,
				F48953341DEA225C00D494A8 /* Cross.png in Resources */,
				F48953261DEA21F000D494A8 /* Assets.xcassets in Resources */,
				F48953211DEA21F000D494A8 /* Main.storyboard in Resources */,
			);
			runOnlyForDeploymentPostprocessing = 0;
		};
/* End PBXResourcesBuildPhase section */

/* Begin PBXSourcesBuildPhase section */
		F48953141DEA21F000D494A8 /* Sources */ = {
			isa = PBXSourcesBuildPhase;
			buildActionMask = 2147483647;
			files = (
				F48953241DEA21F000D494A8 /* Tic_Tac_Toe.xcdatamodeld in Sources */,
				F489531E1DEA21F000D494A8 /* ViewController.swift in Sources */,
				F489531C1DEA21F000D494A8 /* AppDelegate.swift in Sources */,
			);
			runOnlyForDeploymentPostprocessing = 0;
		};
/* End PBXSourcesBuildPhase section */

/* Begin PBXVariantGroup section */
		F489531F1DEA21F000D494A8 /* Main.storyboard */ = {
			isa = PBXVariantGroup;
			children = (
				F48953201DEA21F000D494A8 /* Base */,
			);
			name = Main.storyboard;
			sourceTree = "<group>";
		};
		F48953271DEA21F000D494A8 /* LaunchScreen.storyboard */ = {
			isa = PBXVariantGroup;
			children = (
				F48953281DEA21F000D494A8 /* Base */,
			);
			name = LaunchScreen.storyboard;
			sourceTree = "<group>";
		};
/* End PBXVariantGroup section */

/* Begin XCBuildConfiguration section */
		F489532B1DEA21F000D494A8 /* Debug */ = {
			isa = XCBuildConfiguration;
			buildSettings = {
				ALWAYS_SEARCH_USER_PATHS = NO;
				CLANG_ANALYZER_NONNULL = YES;
				CLANG_CXX_LANGUAGE_STANDARD = "gnu++0x";
				CLANG_CXX_LIBRARY = "libc++";
				CLANG_ENABLE_MODULES = YES;
				CLANG_ENABLE_OBJC_ARC = YES;
				CLANG_WARN_BOOL_CONVERSION = YES;
				CLANG_WARN_CONSTANT_CONVERSION = YES;
				CLANG_WARN_DIRECT_OBJC_ISA_USAGE = YES_ERROR;
				CLANG_WARN_DOCUMENTATION_COMMENTS = YES;
				CLANG_WARN_EMPTY_BODY = YES;
				CLANG_WARN_ENUM_CONVERSION = YES;
				CLANG_WARN_INFINITE_RECURSION = YES;
				CLANG_WARN_INT_CONVERSION = YES;
				CLANG_WARN_OBJC_ROOT_CLASS = YES_ERROR;
				CLANG_WARN_SUSPICIOUS_MOVES = YES;
				CLANG_WARN_UNREACHABLE_CODE = YES;
				CLANG_WARN__DUPLICATE_METHOD_MATCH = YES;
				"CODE_SIGN_IDENTITY[sdk=iphoneos*]" = "iPhone Developer";
				COPY_PHASE_STRIP = NO;
				DEBUG_INFORMATION_FORMAT = dwarf;
				ENABLE_STRICT_OBJC_MSGSEND = YES;
				ENABLE_TESTABILITY = YES;
				GCC_C_LANGUAGE_STANDARD = gnu99;
				GCC_DYNAMIC_NO_PIC = NO;
				GCC_NO_COMMON_BLOCKS = YES;
				GCC_OPTIMIZATION_LEVEL = 0;
				GCC_PREPROCESSOR_DEFINITIONS = (
					"DEBUG=1",
					"$(inherited)",
				);
				GCC_WARN_64_TO_32_BIT_CONVERSION = YES;
				GCC_WARN_ABOUT_RETURN_TYPE = YES_ERROR;
				GCC_WARN_UNDECLARED_SELECTOR = YES;
				GCC_WARN_UNINITIALIZED_AUTOS = YES_AGGRESSIVE;
				GCC_WARN_UNUSED_FUNCTION = YES;
				GCC_WARN_UNUSED_VARIABLE = YES;
				IPHONEOS_DEPLOYMENT_TARGET = 10.1;
				MTL_ENABLE_DEBUG_INFO = YES;
				ONLY_ACTIVE_ARCH = YES;
				SDKROOT = iphoneos;
				SWIFT_ACTIVE_COMPILATION_CONDITIONS = DEBUG;
				SWIFT_OPTIMIZATION_LEVEL = "-Onone";
				TARGETED_DEVICE_FAMILY = "1,2";
			};
			name = Debug;
		};
		F489532C1DEA21F000D494A8 /* Release */ = {
			isa = XCBuildConfiguration;
			buildSettings = {
				ALWAYS_SEARCH_USER_PATHS = NO;
				CLANG_ANALYZER_NONNULL = YES;
				CLANG_CXX_LANGUAGE_STANDARD = "gnu++0x";
				CLANG_CXX_LIBRARY = "libc++";
				CLANG_ENABLE_MODULES = YES;
				CLANG_ENABLE_OBJC_ARC = YES;
				CLANG_WARN_BOOL_CONVERSION = YES;
				CLANG_WARN_CONSTANT_CONVERSION = YES;
				CLANG_WARN_DIRECT_OBJC_ISA_USAGE = YES_ERROR;
				CLANG_WARN_DOCUMENTATION_COMMENTS = YES;
				CLANG_WARN_EMPTY_BODY = YES;
				CLANG_WARN_ENUM_CONVERSION = YES;
				CLANG_WARN_INFINITE_RECURSION = YES;
				CLANG_WARN_INT_CONVERSION = YES;
				CLANG_WARN_OBJC_ROOT_CLASS = YES_ERROR;
				CLANG_WARN_SUSPICIOUS_MOVES = YES;
				CLANG_WARN_UNREACHABLE_CODE = YES;
				CLANG_WARN__DUPLICATE_METHOD_MATCH = YES;
				"CODE_SIGN_IDENTITY[sdk=iphoneos*]" = "iPhone Developer";
				COPY_PHASE_STRIP = NO;
				DEBUG_INFORMATION_FORMAT = "dwarf-with-dsym";
				ENABLE_NS_ASSERTIONS = NO;
				ENABLE_STRICT_OBJC_MSGSEND = YES;
				GCC_C_LANGUAGE_STANDARD = gnu99;
				GCC_NO_COMMON_BLOCKS = YES;
				GCC_WARN_64_TO_32_BIT_CONVERSION = YES;
				GCC_WARN_ABOUT_RETURN_TYPE = YES_ERROR;
				GCC_WARN_UNDECLARED_SELECTOR = YES;
				GCC_WARN_UNINITIALIZED_AUTOS = YES_AGGRESSIVE;
				GCC_WARN_UNUSED_FUNCTION = YES;
				GCC_WARN_UNUSED_VARIABLE = YES;
				IPHONEOS_DEPLOYMENT_TARGET = 10.1;
				MTL_ENABLE_DEBUG_INFO = NO;
				SDKROOT = iphoneos;
				SWIFT_OPTIMIZATION_LEVEL = "-Owholemodule";
				TARGETED_DEVICE_FAMILY = "1,2";
				VALIDATE_PRODUCT = YES;
			};
			name = Release;
		};
		F489532E1DEA21F000D494A8 /* Debug */ = {
			isa = XCBuildConfiguration;
			buildSettings = {
				ASSETCATALOG_COMPILER_APPICON_NAME = AppIcon;
				INFOPLIST_FILE = "Tic Tac Toe/Info.plist";
				LD_RUNPATH_SEARCH_PATHS = "$(inherited) @executable_path/Frameworks";
				PRODUCT_BUNDLE_IDENTIFIER = "Brandon-Palomino.Tic-Tac-Toe";
				PRODUCT_NAME = "$(TARGET_NAME)";
				SWIFT_VERSION = 3.0;
			};
			name = Debug;
		};
		F489532F1DEA21F000D494A8 /* Release */ = {
			isa = XCBuildConfiguration;
			buildSettings = {
				ASSETCATALOG_COMPILER_APPICON_NAME = AppIcon;
				INFOPLIST_FILE = "Tic Tac Toe/Info.plist";
				LD_RUNPATH_SEARCH_PATHS = "$(inherited) @executable_path/Frameworks";
				PRODUCT_BUNDLE_IDENTIFIER = "Brandon-Palomino.Tic-Tac-Toe";
				PRODUCT_NAME = "$(TARGET_NAME)";
				SWIFT_VERSION = 3.0;
			};
			name = Release;
		};
/* End XCBuildConfiguration section */

/* Begin XCConfigurationList section */
		F48953131DEA21F000D494A8 /* Build configuration list for PBXProject "Tic Tac Toe" */ = {
			isa = XCConfigurationList;
			buildConfigurations = (
				F489532B1DEA21F000D494A8 /* Debug */,
				F489532C1DEA21F000D494A8 /* Release */,
			);
			defaultConfigurationIsVisible = 0;
			defaultConfigurationName = Release;
		};
		F489532D1DEA21F000D494A8 /* Build configuration list for PBXNativeTarget "Tic Tac Toe" */ = {
			isa = XCConfigurationList;
			buildConfigurations = (
				F489532E1DEA21F000D494A8 /* Debug */,
				F489532F1DEA21F000D494A8 /* Release */,
			);
			defaultConfigurationIsVisible = 0;
		};
/* End XCConfigurationList section */

/* Begin XCVersionGroup section */
		F48953221DEA21F000D494A8 /* Tic_Tac_Toe.xcdatamodeld */ = {
			isa = XCVersionGroup;
			children = (
				F48953231DEA21F000D494A8 /* Tic_Tac_Toe.xcdatamodel */,
			);
			currentVersion = F48953231DEA21F000D494A8 /* Tic_Tac_Toe.xcdatamodel */;
			path = Tic_Tac_Toe.xcdatamodeld;
			sourceTree = "<group>";
			versionGroupType = wrapper.xcdatamodel;
		};
/* End XCVersionGroup section */
	};
	rootObject = F48953101DEA21F000D494A8 /* Project object */;
}
